
Microsoft Visual Studio Solution File, Format Version 12.00
# Visual Studio Version 17
VisualStudioVersion = 17.8.34525.116
MinimumVisualStudioVersion = 10.0.40219.1
Project("{9A19103F-16F7-4668-BE54-9A1E7A4F7556}") = "PatientREST", "PatientREST.csproj", "{183C877D-AA93-4BA0-A4B2-C3FAD9DFAA7F}"
EndProject
Project("{9A19103F-16F7-4668-BE54-9A1E7A4F7556}") = "Persistence", "..\Persistence\Persistence.csproj", "{E96BF61A-CCDD-4C48-BBB9-A043912E040F}"
EndProject
Project("{9A19103F-16F7-4668-BE54-9A1E7A4F7556}") = "Application", "..\Application\Application.csproj", "{322F0851-3280-4DFB-B3C9-792309E6318E}"
EndProject
Project("{FAE04EC0-301F-11D3-BF4B-00C04F79EFBC}") = "SeedPatientsApp", "..\SeedPatientsApp\SeedPatientsApp.csproj", "{D58F4FC6-37D0-4AE3-9CE8-B737DC7F1C69}"
EndProject
Global
	GlobalSection(SolutionConfigurationPlatforms) = preSolution
		Debug|Any CPU = Debug|Any CPU
		Release|Any CPU = Release|Any CPU
	EndGlobalSection
	GlobalSection(ProjectConfigurationPlatforms) = postSolution
		{183C877D-AA93-4BA0-A4B2-C3FAD9DFAA7F}.Debug|Any CPU.ActiveCfg = Debug|Any CPU
		{183C877D-AA93-4BA0-A4B2-C3FAD9DFAA7F}.Debug|Any CPU.Build.0 = Debug|Any CPU
		{183C877D-AA93-4BA0-A4B2-C3FAD9DFAA7F}.Release|Any CPU.ActiveCfg = Release|Any CPU
		{183C877D-AA93-4BA0-A4B2-C3FAD9DFAA7F}.Release|Any CPU.Build.0 = Release|Any CPU
		{E96BF61A-CCDD-4C48-BBB9-A043912E040F}.Debug|Any CPU.ActiveCfg = Debug|Any CPU
		{E96BF61A-CCDD-4C48-BBB9-A043912E040F}.Debug|Any CPU.Build.0 = Debug|Any CPU
		{E96BF61A-CCDD-4C48-BBB9-A043912E040F}.Release|Any CPU.ActiveCfg = Release|Any CPU
		{E96BF61A-CCDD-4C48-BBB9-A043912E040F}.Release|Any CPU.Build.0 = Release|Any CPU
		{322F0851-3280-4DFB-B3C9-792309E6318E}.Debug|Any CPU.ActiveCfg = Debug|Any CPU
		{322F0851-3280-4DFB-B3C9-792309E6318E}.Debug|Any CPU.Build.0 = Debug|Any CPU
		{322F0851-3280-4DFB-B3C9-792309E6318E}.Release|Any CPU.ActiveCfg = Release|Any CPU
		{322F0851-3280-4DFB-B3C9-792309E6318E}.Release|Any CPU.Build.0 = Release|Any CPU
		{D58F4FC6-37D0-4AE3-9CE8-B737DC7F1C69}.Debug|Any CPU.ActiveCfg = Debug|Any CPU
		{D58F4FC6-37D0-4AE3-9CE8-B737DC7F1C69}.Debug|Any CPU.Build.0 = Debug|Any CPU
		{D58F4FC6-37D0-4AE3-9CE8-B737DC7F1C69}.Release|Any CPU.ActiveCfg = Release|Any CPU
		{D58F4FC6-37D0-4AE3-9CE8-B737DC7F1C69}.Release|Any CPU.Build.0 = Release|Any CPU
	EndGlobalSection
	GlobalSection(SolutionProperties) = preSolution
		HideSolutionNode = FALSE
	EndGlobalSection
	GlobalSection(ExtensibilityGlobals) = postSolution
		SolutionGuid = {F6126D64-7241-45F8-ABB7-E02A22DCC8CC}
	EndGlobalSection
EndGlobal
